
Microsoft Visual Studio Solution File, Format Version 12.00
# Visual Studio Version 16
VisualStudioVersion = 16.0.30002.166
MinimumVisualStudioVersion = 10.0.40219.1
Project("{FAE04EC0-301F-11D3-BF4B-00C04F79EFBC}") = "Testing", "Testing\Testing.csproj", "{23C0C29E-A505-4FE6-8C71-3460F277F215}"
EndProject
Global
	GlobalSection(SolutionConfigurationPlatforms) = preSolution
		Debug|Any CPU = Debug|Any CPU
		Release|Any CPU = Release|Any CPU
	EndGlobalSection
	GlobalSection(ProjectConfigurationPlatforms) = postSolution
		{23C0C29E-A505-4FE6-8C71-3460F277F215}.Debug|Any CPU.ActiveCfg = Debug|Any CPU
		{23C0C29E-A505-4FE6-8C71-3460F277F215}.Debug|Any CPU.Build.0 = Debug|Any CPU
		{23C0C29E-A505-4FE6-8C71-3460F277F215}.Release|Any CPU.ActiveCfg = Release|Any CPU
		{23C0C29E-A505-4FE6-8C71-3460F277F215}.Release|Any CPU.Build.0 = Release|Any CPU
	EndGlobalSection
	GlobalSection(SolutionProperties) = preSolution
		HideSolutionNode = FALSE
	EndGlobalSection
	GlobalSection(ExtensibilityGlobals) = postSolution
		SolutionGuid = {1126D9EB-8F08-486C-BA75-20BC1638ED59}
	EndGlobalSection
EndGlobal
